// !$*UTF8*$!
{
	archiveVersion = 1;
	classes = {
	};
	objectVersion = 56;
	objects = {

/* Begin PBXBuildFile section */
		C1B33D602C4745FE0082BE72 /* MoluApp.swift in Sources */ = {isa = PBXBuildFile; fileRef = C1B33D5F2C4745FE0082BE72 /* MoluApp.swift */; };
		C1B33D642C4745FE0082BE72 /* Assets.xcassets in Resources */ = {isa = PBXBuildFile; fileRef = C1B33D632C4745FE0082BE72 /* Assets.xcassets */; };
		C1B33D672C4745FE0082BE72 /* Preview Assets.xcassets in Resources */ = {isa = PBXBuildFile; fileRef = C1B33D662C4745FE0082BE72 /* Preview Assets.xcassets */; };
		C1DAE9862D83B3A200832311 /* WelcomeScreenView.swift in Sources */ = {isa = PBXBuildFile; fileRef = C1DAE9852D83B3A200832311 /* WelcomeScreenView.swift */; };
		C1DAE9882D83B46100832311 /* OPTIDanley-Medium.otf in Resources */ = {isa = PBXBuildFile; fileRef = C1DAE9872D83B46100832311 /* OPTIDanley-Medium.otf */; };
		C1DAE98F2D83BFD800832311 /* SignInView.swift in Sources */ = {isa = PBXBuildFile; fileRef = C1DAE98E2D83BFD800832311 /* SignInView.swift */; };
		C1DAE9912D83C47200832311 /* CreateAccountView.swift in Sources */ = {isa = PBXBuildFile; fileRef = C1DAE9902D83C47200832311 /* CreateAccountView.swift */; };
		C1DAE9932D83C75000832311 /* ForgotPasswordView.swift in Sources */ = {isa = PBXBuildFile; fileRef = C1DAE9922D83C75000832311 /* ForgotPasswordView.swift */; };
		C1DAE9952D83C7E800832311 /* ResetPasswordView.swift in Sources */ = {isa = PBXBuildFile; fileRef = C1DAE9942D83C7E800832311 /* ResetPasswordView.swift */; };
		C1F8B4612D82C52100103836 /* GoogleService-Info.plist in Resources */ = {isa = PBXBuildFile; fileRef = C1F8B4602D82C52100103836 /* GoogleService-Info.plist */; };
		C1F8B4642D82C70B00103836 /* FirebaseAnalytics in Frameworks */ = {isa = PBXBuildFile; productRef = C1F8B4632D82C70B00103836 /* FirebaseAnalytics */; };
		C1F8B4682D82CB6800103836 /* FirebaseAnalytics in Frameworks */ = {isa = PBXBuildFile; productRef = C1F8B4672D82CB6800103836 /* FirebaseAnalytics */; };
		C1F8B46A2D82CB6800103836 /* FirebaseAuth in Frameworks */ = {isa = PBXBuildFile; productRef = C1F8B4692D82CB6800103836 /* FirebaseAuth */; };
		C1F8B46C2D82CB6800103836 /* FirebaseAuthCombine-Community in Frameworks */ = {isa = PBXBuildFile; productRef = C1F8B46B2D82CB6800103836 /* FirebaseAuthCombine-Community */; };
		C1F8B46E2D82CB6800103836 /* FirebaseCore in Frameworks */ = {isa = PBXBuildFile; productRef = C1F8B46D2D82CB6800103836 /* FirebaseCore */; };
		C1F8B4702D82CB6800103836 /* FirebaseCrashlytics in Frameworks */ = {isa = PBXBuildFile; productRef = C1F8B46F2D82CB6800103836 /* FirebaseCrashlytics */; };
		C1F8B4722D82CB6800103836 /* FirebaseDatabase in Frameworks */ = {isa = PBXBuildFile; productRef = C1F8B4712D82CB6800103836 /* FirebaseDatabase */; };
		C1F8B4742D82CB6800103836 /* FirebaseFirestore in Frameworks */ = {isa = PBXBuildFile; productRef = C1F8B4732D82CB6800103836 /* FirebaseFirestore */; };
		C1F8B4762D82CB6800103836 /* FirebaseMessaging in Frameworks */ = {isa = PBXBuildFile; productRef = C1F8B4752D82CB6800103836 /* FirebaseMessaging */; };
		C1F8B4782D82CB6800103836 /* FirebaseStorage in Frameworks */ = {isa = PBXBuildFile; productRef = C1F8B4772D82CB6800103836 /* FirebaseStorage */; };
		C1F8B4982D82CF9700103836 /* AuthViewModel.swift in Sources */ = {isa = PBXBuildFile; fileRef = C1F8B4972D82CF9700103836 /* AuthViewModel.swift */; };
		C1F8B4A62D82CF9700103836 /* AccountView.swift in Sources */ = {isa = PBXBuildFile; fileRef = C1F8B49C2D82CF9700103836 /* AccountView.swift */; };
		C1F8B4A72D82CF9700103836 /* ChatView.swift in Sources */ = {isa = PBXBuildFile; fileRef = C1F8B49D2D82CF9700103836 /* ChatView.swift */; };
		C1F8B4A82D82CF9700103836 /* ContentView.swift in Sources */ = {isa = PBXBuildFile; fileRef = C1F8B49E2D82CF9700103836 /* ContentView.swift */; };
		C1F8B4A92D82CF9700103836 /* DealView.swift in Sources */ = {isa = PBXBuildFile; fileRef = C1F8B49F2D82CF9700103836 /* DealView.swift */; };
		C1F8B4AA2D82CF9700103836 /* ImagePickerView.swift in Sources */ = {isa = PBXBuildFile; fileRef = C1F8B4A02D82CF9700103836 /* ImagePickerView.swift */; };
		C1F8B4AB2D82CF9700103836 /* MessagesView.swift in Sources */ = {isa = PBXBuildFile; fileRef = C1F8B4A12D82CF9700103836 /* MessagesView.swift */; };
		C1F8B4AC2D82CF9700103836 /* NewDealView.swift in Sources */ = {isa = PBXBuildFile; fileRef = C1F8B4A22D82CF9700103836 /* NewDealView.swift */; };
		C1F8B4AD2D82CF9700103836 /* OverView.swift in Sources */ = {isa = PBXBuildFile; fileRef = C1F8B4A32D82CF9700103836 /* OverView.swift */; };
/* End PBXBuildFile section */

/* Begin PBXFileReference section */
		C1B33D5C2C4745FE0082BE72 /* Molu.app */ = {isa = PBXFileReference; explicitFileType = wrapper.application; includeInIndex = 0; path = Molu.app; sourceTree = BUILT_PRODUCTS_DIR; };
		C1B33D5F2C4745FE0082BE72 /* MoluApp.swift */ = {isa = PBXFileReference; lastKnownFileType = sourcecode.swift; path = MoluApp.swift; sourceTree = "<group>"; };
		C1B33D632C4745FE0082BE72 /* Assets.xcassets */ = {isa = PBXFileReference; lastKnownFileType = folder.assetcatalog; path = Assets.xcassets; sourceTree = "<group>"; };
		C1B33D662C4745FE0082BE72 /* Preview Assets.xcassets */ = {isa = PBXFileReference; lastKnownFileType = folder.assetcatalog; path = "Preview Assets.xcassets"; sourceTree = "<group>"; };
		C1DAE9852D83B3A200832311 /* WelcomeScreenView.swift */ = {isa = PBXFileReference; lastKnownFileType = sourcecode.swift; path = WelcomeScreenView.swift; sourceTree = "<group>"; };
		C1DAE9872D83B46100832311 /* OPTIDanley-Medium.otf */ = {isa = PBXFileReference; lastKnownFileType = file; path = "OPTIDanley-Medium.otf"; sourceTree = "<group>"; };
		C1DAE9892D83BD0C00832311 /* Info.plist */ = {isa = PBXFileReference; lastKnownFileType = text.plist.xml; path = Info.plist; sourceTree = "<group>"; };
		C1DAE98E2D83BFD800832311 /* SignInView.swift */ = {isa = PBXFileReference; lastKnownFileType = sourcecode.swift; path = SignInView.swift; sourceTree = "<group>"; };
		C1DAE9902D83C47200832311 /* CreateAccountView.swift */ = {isa = PBXFileReference; lastKnownFileType = sourcecode.swift; path = CreateAccountView.swift; sourceTree = "<group>"; };
		C1DAE9922D83C75000832311 /* ForgotPasswordView.swift */ = {isa = PBXFileReference; lastKnownFileType = sourcecode.swift; path = ForgotPasswordView.swift; sourceTree = "<group>"; };
		C1DAE9942D83C7E800832311 /* ResetPasswordView.swift */ = {isa = PBXFileReference; lastKnownFileType = sourcecode.swift; path = ResetPasswordView.swift; sourceTree = "<group>"; };
		C1F8B4602D82C52100103836 /* GoogleService-Info.plist */ = {isa = PBXFileReference; lastKnownFileType = text.plist.xml; path = "GoogleService-Info.plist"; sourceTree = "<group>"; };
		C1F8B4972D82CF9700103836 /* AuthViewModel.swift */ = {isa = PBXFileReference; lastKnownFileType = sourcecode.swift; path = AuthViewModel.swift; sourceTree = "<group>"; };
		C1F8B49C2D82CF9700103836 /* AccountView.swift */ = {isa = PBXFileReference; lastKnownFileType = sourcecode.swift; path = AccountView.swift; sourceTree = "<group>"; };
		C1F8B49D2D82CF9700103836 /* ChatView.swift */ = {isa = PBXFileReference; lastKnownFileType = sourcecode.swift; path = ChatView.swift; sourceTree = "<group>"; };
		C1F8B49E2D82CF9700103836 /* ContentView.swift */ = {isa = PBXFileReference; lastKnownFileType = sourcecode.swift; path = ContentView.swift; sourceTree = "<group>"; };
		C1F8B49F2D82CF9700103836 /* DealView.swift */ = {isa = PBXFileReference; lastKnownFileType = sourcecode.swift; path = DealView.swift; sourceTree = "<group>"; };
		C1F8B4A02D82CF9700103836 /* ImagePickerView.swift */ = {isa = PBXFileReference; lastKnownFileType = sourcecode.swift; path = ImagePickerView.swift; sourceTree = "<group>"; };
		C1F8B4A12D82CF9700103836 /* MessagesView.swift */ = {isa = PBXFileReference; lastKnownFileType = sourcecode.swift; path = MessagesView.swift; sourceTree = "<group>"; };
		C1F8B4A22D82CF9700103836 /* NewDealView.swift */ = {isa = PBXFileReference; lastKnownFileType = sourcecode.swift; path = NewDealView.swift; sourceTree = "<group>"; };
		C1F8B4A32D82CF9700103836 /* OverView.swift */ = {isa = PBXFileReference; lastKnownFileType = sourcecode.swift; path = OverView.swift; sourceTree = "<group>"; };
/* End PBXFileReference section */

/* Begin PBXFrameworksBuildPhase section */
		C1B33D592C4745FE0082BE72 /* Frameworks */ = {
			isa = PBXFrameworksBuildPhase;
			buildActionMask = 2147483647;
			files = (
				C1F8B4762D82CB6800103836 /* FirebaseMessaging in Frameworks */,
				C1F8B4682D82CB6800103836 /* FirebaseAnalytics in Frameworks */,
				C1F8B46E2D82CB6800103836 /* FirebaseCore in Frameworks */,
				C1F8B4782D82CB6800103836 /* FirebaseStorage in Frameworks */,
				C1F8B46A2D82CB6800103836 /* FirebaseAuth in Frameworks */,
				C1F8B4702D82CB6800103836 /* FirebaseCrashlytics in Frameworks */,
				C1F8B4642D82C70B00103836 /* FirebaseAnalytics in Frameworks */,
				C1F8B4742D82CB6800103836 /* FirebaseFirestore in Frameworks */,
				C1F8B4722D82CB6800103836 /* FirebaseDatabase in Frameworks */,
				C1F8B46C2D82CB6800103836 /* FirebaseAuthCombine-Community in Frameworks */,
			);
			runOnlyForDeploymentPostprocessing = 0;
		};
/* End PBXFrameworksBuildPhase section */

/* Begin PBXGroup section */
		C1B33D532C4745FE0082BE72 = {
			isa = PBXGroup;
			children = (
				C1B33D5E2C4745FE0082BE72 /* Molu */,
				C1B33D5D2C4745FE0082BE72 /* Products */,
			);
			sourceTree = "<group>";
		};
		C1B33D5D2C4745FE0082BE72 /* Products */ = {
			isa = PBXGroup;
			children = (
				C1B33D5C2C4745FE0082BE72 /* Molu.app */,
			);
			name = Products;
			sourceTree = "<group>";
		};
		C1B33D5E2C4745FE0082BE72 /* Molu */ = {
			isa = PBXGroup;
			children = (
				C1DAE9942D83C7E800832311 /* ResetPasswordView.swift */,
				C1DAE9922D83C75000832311 /* ForgotPasswordView.swift */,
				C1DAE9902D83C47200832311 /* CreateAccountView.swift */,
				C1DAE98E2D83BFD800832311 /* SignInView.swift */,
				C1DAE9852D83B3A200832311 /* WelcomeScreenView.swift */,
				C1F8B49C2D82CF9700103836 /* AccountView.swift */,
				C1F8B49D2D82CF9700103836 /* ChatView.swift */,
				C1F8B49E2D82CF9700103836 /* ContentView.swift */,
				C1F8B49F2D82CF9700103836 /* DealView.swift */,
				C1F8B4A02D82CF9700103836 /* ImagePickerView.swift */,
				C1F8B4A12D82CF9700103836 /* MessagesView.swift */,
				C1F8B4A22D82CF9700103836 /* NewDealView.swift */,
				C1F8B4A32D82CF9700103836 /* OverView.swift */,
				C1F8B4972D82CF9700103836 /* AuthViewModel.swift */,
				C1B33D5F2C4745FE0082BE72 /* MoluApp.swift */,
				C1B33D632C4745FE0082BE72 /* Assets.xcassets */,
				C1DAE9892D83BD0C00832311 /* Info.plist */,
				C1B33D652C4745FE0082BE72 /* Preview Content */,
				C1F8B4602D82C52100103836 /* GoogleService-Info.plist */,
				C1DAE9872D83B46100832311 /* OPTIDanley-Medium.otf */,
			);
			path = Molu;
			sourceTree = "<group>";
		};
		C1B33D652C4745FE0082BE72 /* Preview Content */ = {
			isa = PBXGroup;
			children = (
				C1B33D662C4745FE0082BE72 /* Preview Assets.xcassets */,
			);
			path = "Preview Content";
			sourceTree = "<group>";
		};
/* End PBXGroup section */

/* Begin PBXNativeTarget section */
		C1B33D5B2C4745FE0082BE72 /* Molu */ = {
			isa = PBXNativeTarget;
			buildConfigurationList = C1B33D6A2C4745FE0082BE72 /* Build configuration list for PBXNativeTarget "Molu" */;
			buildPhases = (
				C1B33D582C4745FE0082BE72 /* Sources */,
				C1B33D592C4745FE0082BE72 /* Frameworks */,
				C1B33D5A2C4745FE0082BE72 /* Resources */,
			);
			buildRules = (
			);
			dependencies = (
			);
			name = Molu;
			productName = Molu;
			productReference = C1B33D5C2C4745FE0082BE72 /* Molu.app */;
			productType = "com.apple.product-type.application";
		};
/* End PBXNativeTarget section */

/* Begin PBXProject section */
		C1B33D542C4745FE0082BE72 /* Project object */ = {
			isa = PBXProject;
			attributes = {
				BuildIndependentTargetsInParallel = 1;
				LastSwiftUpdateCheck = 1540;
				LastUpgradeCheck = 1540;
				TargetAttributes = {
					C1B33D5B2C4745FE0082BE72 = {
						CreatedOnToolsVersion = 15.4;
					};
				};
			};
			buildConfigurationList = C1B33D572C4745FE0082BE72 /* Build configuration list for PBXProject "Molu" */;
			compatibilityVersion = "Xcode 14.0";
			developmentRegion = en;
			hasScannedForEncodings = 0;
			knownRegions = (
				en,
				Base,
			);
			mainGroup = C1B33D532C4745FE0082BE72;
			packageReferences = (
				C1F8B4622D82C70B00103836 /* XCRemoteSwiftPackageReference "firebase-ios-sdk" */,
			);
			productRefGroup = C1B33D5D2C4745FE0082BE72 /* Products */;
			projectDirPath = "";
			projectRoot = "";
			targets = (
				C1B33D5B2C4745FE0082BE72 /* Molu */,
			);
		};
/* End PBXProject section */

/* Begin PBXResourcesBuildPhase section */
		C1B33D5A2C4745FE0082BE72 /* Resources */ = {
			isa = PBXResourcesBuildPhase;
			buildActionMask = 2147483647;
			files = (
				C1B33D672C4745FE0082BE72 /* Preview Assets.xcassets in Resources */,
				C1B33D642C4745FE0082BE72 /* Assets.xcassets in Resources */,
				C1F8B4612D82C52100103836 /* GoogleService-Info.plist in Resources */,
				C1DAE9882D83B46100832311 /* OPTIDanley-Medium.otf in Resources */,
			);
			runOnlyForDeploymentPostprocessing = 0;
		};
/* End PBXResourcesBuildPhase section */

/* Begin PBXSourcesBuildPhase section */
		C1B33D582C4745FE0082BE72 /* Sources */ = {
			isa = PBXSourcesBuildPhase;
			buildActionMask = 2147483647;
			files = (
				C1F8B4982D82CF9700103836 /* AuthViewModel.swift in Sources */,
				C1DAE9932D83C75000832311 /* ForgotPasswordView.swift in Sources */,
				C1F8B4A62D82CF9700103836 /* AccountView.swift in Sources */,
				C1F8B4A72D82CF9700103836 /* ChatView.swift in Sources */,
				C1DAE98F2D83BFD800832311 /* SignInView.swift in Sources */,
				C1F8B4A82D82CF9700103836 /* ContentView.swift in Sources */,
				C1DAE9912D83C47200832311 /* CreateAccountView.swift in Sources */,
				C1F8B4A92D82CF9700103836 /* DealView.swift in Sources */,
				C1DAE9862D83B3A200832311 /* WelcomeScreenView.swift in Sources */,
				C1DAE9952D83C7E800832311 /* ResetPasswordView.swift in Sources */,
				C1F8B4AA2D82CF9700103836 /* ImagePickerView.swift in Sources */,
				C1F8B4AB2D82CF9700103836 /* MessagesView.swift in Sources */,
				C1F8B4AC2D82CF9700103836 /* NewDealView.swift in Sources */,
				C1F8B4AD2D82CF9700103836 /* OverView.swift in Sources */,
				C1B33D602C4745FE0082BE72 /* MoluApp.swift in Sources */,
			);
			runOnlyForDeploymentPostprocessing = 0;
		};
/* End PBXSourcesBuildPhase section */

/* Begin XCBuildConfiguration section */
		C1B33D682C4745FE0082BE72 /* Debug */ = {
			isa = XCBuildConfiguration;
			buildSettings = {
				ALWAYS_SEARCH_USER_PATHS = NO;
				ASSETCATALOG_COMPILER_GENERATE_SWIFT_ASSET_SYMBOL_EXTENSIONS = YES;
				CLANG_ANALYZER_NONNULL = YES;
				CLANG_ANALYZER_NUMBER_OBJECT_CONVERSION = YES_AGGRESSIVE;
				CLANG_CXX_LANGUAGE_STANDARD = "gnu++20";
				CLANG_ENABLE_MODULES = YES;
				CLANG_ENABLE_OBJC_ARC = YES;
				CLANG_ENABLE_OBJC_WEAK = YES;
				CLANG_WARN_BLOCK_CAPTURE_AUTORELEASING = YES;
				CLANG_WARN_BOOL_CONVERSION = YES;
				CLANG_WARN_COMMA = YES;
				CLANG_WARN_CONSTANT_CONVERSION = YES;
				CLANG_WARN_DEPRECATED_OBJC_IMPLEMENTATIONS = YES;
				CLANG_WARN_DIRECT_OBJC_ISA_USAGE = YES_ERROR;
				CLANG_WARN_DOCUMENTATION_COMMENTS = YES;
				CLANG_WARN_EMPTY_BODY = YES;
				CLANG_WARN_ENUM_CONVERSION = YES;
				CLANG_WARN_INFINITE_RECURSION = YES;
				CLANG_WARN_INT_CONVERSION = YES;
				CLANG_WARN_NON_LITERAL_NULL_CONVERSION = YES;
				CLANG_WARN_OBJC_IMPLICIT_RETAIN_SELF = YES;
				CLANG_WARN_OBJC_LITERAL_CONVERSION = YES;
				CLANG_WARN_OBJC_ROOT_CLASS = YES_ERROR;
				CLANG_WARN_QUOTED_INCLUDE_IN_FRAMEWORK_HEADER = YES;
				CLANG_WARN_RANGE_LOOP_ANALYSIS = YES;
				CLANG_WARN_STRICT_PROTOTYPES = YES;
				CLANG_WARN_SUSPICIOUS_MOVE = YES;
				CLANG_WARN_UNGUARDED_AVAILABILITY = YES_AGGRESSIVE;
				CLANG_WARN_UNREACHABLE_CODE = YES;
				CLANG_WARN__DUPLICATE_METHOD_MATCH = YES;
				COPY_PHASE_STRIP = NO;
				DEBUG_INFORMATION_FORMAT = dwarf;
				ENABLE_STRICT_OBJC_MSGSEND = YES;
				ENABLE_TESTABILITY = YES;
				ENABLE_USER_SCRIPT_SANDBOXING = YES;
				GCC_C_LANGUAGE_STANDARD = gnu17;
				GCC_DYNAMIC_NO_PIC = NO;
				GCC_NO_COMMON_BLOCKS = YES;
				GCC_OPTIMIZATION_LEVEL = 0;
				GCC_PREPROCESSOR_DEFINITIONS = (
					"DEBUG=1",
					"$(inherited)",
				);
				GCC_WARN_64_TO_32_BIT_CONVERSION = YES;
				GCC_WARN_ABOUT_RETURN_TYPE = YES_ERROR;
				GCC_WARN_UNDECLARED_SELECTOR = YES;
				GCC_WARN_UNINITIALIZED_AUTOS = YES_AGGRESSIVE;
				GCC_WARN_UNUSED_FUNCTION = YES;
				GCC_WARN_UNUSED_VARIABLE = YES;
				IPHONEOS_DEPLOYMENT_TARGET = 17.5;
				LOCALIZATION_PREFERS_STRING_CATALOGS = YES;
				MTL_ENABLE_DEBUG_INFO = INCLUDE_SOURCE;
				MTL_FAST_MATH = YES;
				ONLY_ACTIVE_ARCH = YES;
				SDKROOT = iphoneos;
				SWIFT_ACTIVE_COMPILATION_CONDITIONS = "DEBUG $(inherited)";
				SWIFT_OPTIMIZATION_LEVEL = "-Onone";
			};
			name = Debug;
		};
		C1B33D692C4745FE0082BE72 /* Release */ = {
			isa = XCBuildConfiguration;
			buildSettings = {
				ALWAYS_SEARCH_USER_PATHS = NO;
				ASSETCATALOG_COMPILER_GENERATE_SWIFT_ASSET_SYMBOL_EXTENSIONS = YES;
				CLANG_ANALYZER_NONNULL = YES;
				CLANG_ANALYZER_NUMBER_OBJECT_CONVERSION = YES_AGGRESSIVE;
				CLANG_CXX_LANGUAGE_STANDARD = "gnu++20";
				CLANG_ENABLE_MODULES = YES;
				CLANG_ENABLE_OBJC_ARC = YES;
				CLANG_ENABLE_OBJC_WEAK = YES;
				CLANG_WARN_BLOCK_CAPTURE_AUTORELEASING = YES;
				CLANG_WARN_BOOL_CONVERSION = YES;
				CLANG_WARN_COMMA = YES;
				CLANG_WARN_CONSTANT_CONVERSION = YES;
				CLANG_WARN_DEPRECATED_OBJC_IMPLEMENTATIONS = YES;
				CLANG_WARN_DIRECT_OBJC_ISA_USAGE = YES_ERROR;
				CLANG_WARN_DOCUMENTATION_COMMENTS = YES;
				CLANG_WARN_EMPTY_BODY = YES;
				CLANG_WARN_ENUM_CONVERSION = YES;
				CLANG_WARN_INFINITE_RECURSION = YES;
				CLANG_WARN_INT_CONVERSION = YES;
				CLANG_WARN_NON_LITERAL_NULL_CONVERSION = YES;
				CLANG_WARN_OBJC_IMPLICIT_RETAIN_SELF = YES;
				CLANG_WARN_OBJC_LITERAL_CONVERSION = YES;
				CLANG_WARN_OBJC_ROOT_CLASS = YES_ERROR;
				CLANG_WARN_QUOTED_INCLUDE_IN_FRAMEWORK_HEADER = YES;
				CLANG_WARN_RANGE_LOOP_ANALYSIS = YES;
				CLANG_WARN_STRICT_PROTOTYPES = YES;
				CLANG_WARN_SUSPICIOUS_MOVE = YES;
				CLANG_WARN_UNGUARDED_AVAILABILITY = YES_AGGRESSIVE;
				CLANG_WARN_UNREACHABLE_CODE = YES;
				CLANG_WARN__DUPLICATE_METHOD_MATCH = YES;
				COPY_PHASE_STRIP = NO;
				DEBUG_INFORMATION_FORMAT = "dwarf-with-dsym";
				ENABLE_NS_ASSERTIONS = NO;
				ENABLE_STRICT_OBJC_MSGSEND = YES;
				ENABLE_USER_SCRIPT_SANDBOXING = YES;
				GCC_C_LANGUAGE_STANDARD = gnu17;
				GCC_NO_COMMON_BLOCKS = YES;
				GCC_WARN_64_TO_32_BIT_CONVERSION = YES;
				GCC_WARN_ABOUT_RETURN_TYPE = YES_ERROR;
				GCC_WARN_UNDECLARED_SELECTOR = YES;
				GCC_WARN_UNINITIALIZED_AUTOS = YES_AGGRESSIVE;
				GCC_WARN_UNUSED_FUNCTION = YES;
				GCC_WARN_UNUSED_VARIABLE = YES;
				IPHONEOS_DEPLOYMENT_TARGET = 17.5;
				LOCALIZATION_PREFERS_STRING_CATALOGS = YES;
				MTL_ENABLE_DEBUG_INFO = NO;
				MTL_FAST_MATH = YES;
				SDKROOT = iphoneos;
				SWIFT_COMPILATION_MODE = wholemodule;
				VALIDATE_PRODUCT = YES;
			};
			name = Release;
		};
		C1B33D6B2C4745FE0082BE72 /* Debug */ = {
			isa = XCBuildConfiguration;
			buildSettings = {
				ASSETCATALOG_COMPILER_APPICON_NAME = AppIcon;
				ASSETCATALOG_COMPILER_GLOBAL_ACCENT_COLOR_NAME = AccentColor;
				CODE_SIGN_STYLE = Automatic;
				CURRENT_PROJECT_VERSION = 1;
				DEVELOPMENT_ASSET_PATHS = "\"Molu/Preview Content\"";
				DEVELOPMENT_TEAM = "";
				ENABLE_PREVIEWS = YES;
				GENERATE_INFOPLIST_FILE = YES;
				INFOPLIST_FILE = Molu/Info.plist;
				INFOPLIST_KEY_UIApplicationSceneManifest_Generation = YES;
				INFOPLIST_KEY_UIApplicationSupportsIndirectInputEvents = YES;
				INFOPLIST_KEY_UILaunchScreen_Generation = YES;
				INFOPLIST_KEY_UISupportedInterfaceOrientations_iPad = "UIInterfaceOrientationPortrait UIInterfaceOrientationPortraitUpsideDown UIInterfaceOrientationLandscapeLeft UIInterfaceOrientationLandscapeRight";
				INFOPLIST_KEY_UISupportedInterfaceOrientations_iPhone = "UIInterfaceOrientationPortrait UIInterfaceOrientationLandscapeLeft UIInterfaceOrientationLandscapeRight";
				LD_RUNPATH_SEARCH_PATHS = (
					"$(inherited)",
					"@executable_path/Frameworks",
				);
				MARKETING_VERSION = 1.0;
				PRODUCT_BUNDLE_IDENTIFIER = com.Molu.Molu;
				PRODUCT_NAME = "$(TARGET_NAME)";
				SWIFT_EMIT_LOC_STRINGS = YES;
				SWIFT_VERSION = 5.0;
				TARGETED_DEVICE_FAMILY = "1,2";
			};
			name = Debug;
		};
		C1B33D6C2C4745FE0082BE72 /* Release */ = {
			isa = XCBuildConfiguration;
			buildSettings = {
				ASSETCATALOG_COMPILER_APPICON_NAME = AppIcon;
				ASSETCATALOG_COMPILER_GLOBAL_ACCENT_COLOR_NAME = AccentColor;
				CODE_SIGN_STYLE = Automatic;
				CURRENT_PROJECT_VERSION = 1;
				DEVELOPMENT_ASSET_PATHS = "\"Molu/Preview Content\"";
				DEVELOPMENT_TEAM = "";
				ENABLE_PREVIEWS = YES;
				GENERATE_INFOPLIST_FILE = YES;
				INFOPLIST_FILE = Molu/Info.plist;
				INFOPLIST_KEY_UIApplicationSceneManifest_Generation = YES;
				INFOPLIST_KEY_UIApplicationSupportsIndirectInputEvents = YES;
				INFOPLIST_KEY_UILaunchScreen_Generation = YES;
				INFOPLIST_KEY_UISupportedInterfaceOrientations_iPad = "UIInterfaceOrientationPortrait UIInterfaceOrientationPortraitUpsideDown UIInterfaceOrientationLandscapeLeft UIInterfaceOrientationLandscapeRight";
				INFOPLIST_KEY_UISupportedInterfaceOrientations_iPhone = "UIInterfaceOrientationPortrait UIInterfaceOrientationLandscapeLeft UIInterfaceOrientationLandscapeRight";
				LD_RUNPATH_SEARCH_PATHS = (
					"$(inherited)",
					"@executable_path/Frameworks",
				);
				MARKETING_VERSION = 1.0;
				PRODUCT_BUNDLE_IDENTIFIER = com.Molu.Molu;
				PRODUCT_NAME = "$(TARGET_NAME)";
				SWIFT_EMIT_LOC_STRINGS = YES;
				SWIFT_VERSION = 5.0;
				TARGETED_DEVICE_FAMILY = "1,2";
			};
			name = Release;
		};
/* End XCBuildConfiguration section */

/* Begin XCConfigurationList section */
		C1B33D572C4745FE0082BE72 /* Build configuration list for PBXProject "Molu" */ = {
			isa = XCConfigurationList;
			buildConfigurations = (
				C1B33D682C4745FE0082BE72 /* Debug */,
				C1B33D692C4745FE0082BE72 /* Release */,
			);
			defaultConfigurationIsVisible = 0;
			defaultConfigurationName = Release;
		};
		C1B33D6A2C4745FE0082BE72 /* Build configuration list for PBXNativeTarget "Molu" */ = {
			isa = XCConfigurationList;
			buildConfigurations = (
				C1B33D6B2C4745FE0082BE72 /* Debug */,
				C1B33D6C2C4745FE0082BE72 /* Release */,
			);
			defaultConfigurationIsVisible = 0;
			defaultConfigurationName = Release;
		};
/* End XCConfigurationList section */

/* Begin XCRemoteSwiftPackageReference section */
		C1F8B4622D82C70B00103836 /* XCRemoteSwiftPackageReference "firebase-ios-sdk" */ = {
			isa = XCRemoteSwiftPackageReference;
			repositoryURL = "https://github.com/firebase/firebase-ios-sdk";
			requirement = {
				kind = upToNextMajorVersion;
				minimumVersion = 11.9.0;
			};
		};
/* End XCRemoteSwiftPackageReference section */

/* Begin XCSwiftPackageProductDependency section */
		C1F8B4632D82C70B00103836 /* FirebaseAnalytics */ = {
			isa = XCSwiftPackageProductDependency;
			package = C1F8B4622D82C70B00103836 /* XCRemoteSwiftPackageReference "firebase-ios-sdk" */;
			productName = FirebaseAnalytics;
		};
		C1F8B4672D82CB6800103836 /* FirebaseAnalytics */ = {
			isa = XCSwiftPackageProductDependency;
			package = C1F8B4622D82C70B00103836 /* XCRemoteSwiftPackageReference "firebase-ios-sdk" */;
			productName = FirebaseAnalytics;
		};
		C1F8B4692D82CB6800103836 /* FirebaseAuth */ = {
			isa = XCSwiftPackageProductDependency;
			package = C1F8B4622D82C70B00103836 /* XCRemoteSwiftPackageReference "firebase-ios-sdk" */;
			productName = FirebaseAuth;
		};
		C1F8B46B2D82CB6800103836 /* FirebaseAuthCombine-Community */ = {
			isa = XCSwiftPackageProductDependency;
			package = C1F8B4622D82C70B00103836 /* XCRemoteSwiftPackageReference "firebase-ios-sdk" */;
			productName = "FirebaseAuthCombine-Community";
		};
		C1F8B46D2D82CB6800103836 /* FirebaseCore */ = {
			isa = XCSwiftPackageProductDependency;
			package = C1F8B4622D82C70B00103836 /* XCRemoteSwiftPackageReference "firebase-ios-sdk" */;
			productName = FirebaseCore;
		};
		C1F8B46F2D82CB6800103836 /* FirebaseCrashlytics */ = {
			isa = XCSwiftPackageProductDependency;
			package = C1F8B4622D82C70B00103836 /* XCRemoteSwiftPackageReference "firebase-ios-sdk" */;
			productName = FirebaseCrashlytics;
		};
		C1F8B4712D82CB6800103836 /* FirebaseDatabase */ = {
			isa = XCSwiftPackageProductDependency;
			package = C1F8B4622D82C70B00103836 /* XCRemoteSwiftPackageReference "firebase-ios-sdk" */;
			productName = FirebaseDatabase;
		};
		C1F8B4732D82CB6800103836 /* FirebaseFirestore */ = {
			isa = XCSwiftPackageProductDependency;
			package = C1F8B4622D82C70B00103836 /* XCRemoteSwiftPackageReference "firebase-ios-sdk" */;
			productName = FirebaseFirestore;
		};
		C1F8B4752D82CB6800103836 /* FirebaseMessaging */ = {
			isa = XCSwiftPackageProductDependency;
			package = C1F8B4622D82C70B00103836 /* XCRemoteSwiftPackageReference "firebase-ios-sdk" */;
			productName = FirebaseMessaging;
		};
		C1F8B4772D82CB6800103836 /* FirebaseStorage */ = {
			isa = XCSwiftPackageProductDependency;
			package = C1F8B4622D82C70B00103836 /* XCRemoteSwiftPackageReference "firebase-ios-sdk" */;
			productName = FirebaseStorage;
		};
/* End XCSwiftPackageProductDependency section */
	};
	rootObject = C1B33D542C4745FE0082BE72 /* Project object */;
}
